<?xml version="1.0" encoding="utf-8"?>
<Project ToolsVersion="4.0" xmlns="http://schemas.microsoft.com/developer/msbuild/2003">
  <ItemGroup>
    <Filter Include="Source Files">
      <UniqueIdentifier>{4FC737F1-C7A5-4376-A066-2A32D752A2FF}</UniqueIdentifier>
      <Extensions>cpp;c;cc;cxx;def;odl;idl;hpj;bat;asm;asmx</Extensions>
    </Filter>
    <Filter Include="Header Files">
      <UniqueIdentifier>{93995380-89BD-4b04-88EB-625FBE52EBFB}</UniqueIdentifier>
      <Extensions>h;hh;hpp;hxx;hm;inl;inc;xsd</Extensions>
    </Filter>
    <Filter Include="Resource Files">
      <UniqueIdentifier>{67DA6AB6-F800-4c08-8B7A-83BB121AAD01}</UniqueIdentifier>
      <Extensions>qrc;rc;ico;cur;bmp;dlg;rc2;rct;bin;rgs;gif;jpg;jpeg;jpe;resx;tiff;tif;png;wav;mfcribbon-ms</Extensions>
    </Filter>
    <Filter Include="Form Files">
      <UniqueIdentifier>{99349809-55BA-4b9d-BF79-8FDBB0286EB3}</UniqueIdentifier>
      <Extensions>ui</Extensions>
    </Filter>
    <Filter Include="Translation Files">
      <UniqueIdentifier>{639EADAA-A684-42e4-A9AD-28FC9BCB8F7C}</UniqueIdentifier>
      <Extensions>ts</Extensions>
    </Filter>
  </ItemGroup>
  <ItemGroup>
    <QtRcc Include="ParaModel.qrc">
      <Filter>Resource Files</Filter>
    </QtRcc>
    <QtUic Include="ParaModel.ui">
      <Filter>Form Files</Filter>
    </QtUic>
    <QtMoc Include="ParaModel.h">
      <Filter>Header Files</Filter>
    </QtMoc>
  </ItemGroup>
  <ItemGroup>
    <ClCompile Include="main.cpp">
      <Filter>Source Files</Filter>
    </ClCompile>
    <ClCompile Include="GLWidget.cpp">
      <Filter>Source Files</Filter>
    </ClCompile>
    <ClCompile Include="ParaModel.cpp">
      <Filter>Source Files</Filter>
    </ClCompile>
    <ClCompile Include="bqgraphicsview.cpp">
      <Filter>Source Files</Filter>
    </ClCompile>
    <ClCompile Include="bqgraphicsscene.cpp">
      <Filter>Source Files</Filter>
    </ClCompile>
    <ClCompile Include="bqgraphicsitem.cpp">
      <Filter>Source Files</Filter>
    </ClCompile>
    <ClCompile Include="bpointitem.cpp">
      <Filter>Source Files</Filter>
    </ClCompile>
    <ClCompile Include="paraoglmanager.cpp">
      <Filter>Source Files</Filter>
    </ClCompile>
    <ClCompile Include="camera.cpp">
      <Filter>Source Files</Filter>
    </ClCompile>
    <ClCompile Include="ShaderProc.cpp">
      <Filter>Source Files</Filter>
    </ClCompile>
    <ClCompile Include="resourcemanager.cpp">
      <Filter>Source Files</Filter>
    </ClCompile>
    <ClCompile Include="DimDataConvert.cpp">
      <Filter>Source Files</Filter>
    </ClCompile>
    <ClCompile Include="WarheadParaModel.cpp">
      <Filter>Source Files</Filter>
    </ClCompile>
  </ItemGroup>
  <ItemGroup>
    <ClInclude Include="GLWidget.h">
      <Filter>Header Files</Filter>
    </ClInclude>
    <ClInclude Include="resource.h">
      <Filter>Header Files</Filter>
    </ClInclude>
    <ClInclude Include="paraoglmanager.h">
      <Filter>Header Files</Filter>
    </ClInclude>
    <ClInclude Include="camera.h">
      <Filter>Header Files</Filter>
    </ClInclude>
    <ClInclude Include="ShaderProc.h">
      <Filter>Header Files</Filter>
    </ClInclude>
    <ClInclude Include="resourcemanager.h">
      <Filter>Header Files</Filter>
    </ClInclude>
    <ClInclude Include="ParaType.h">
      <Filter>Header Files</Filter>
    </ClInclude>
    <ClInclude Include="DimDataConvert.h">
      <Filter>Header Files</Filter>
    </ClInclude>
    <ClInclude Include="WarheadDataConvert.h">
      <Filter>Header Files</Filter>
    </ClInclude>
  </ItemGroup>
  <ItemGroup>
    <QtMoc Include="bqgraphicsscene.h">
      <Filter>Header Files</Filter>
    </QtMoc>
    <QtMoc Include="bqgraphicsitem.h">
      <Filter>Header Files</Filter>
    </QtMoc>
    <QtMoc Include="bpointitem.h">
      <Filter>Header Files</Filter>
    </QtMoc>
    <QtMoc Include="bqgraphicsview.h">
      <Filter>Header Files</Filter>
    </QtMoc>
    <QtMoc Include="WarheadParaModel.h">
      <Filter>Header Files</Filter>
    </QtMoc>
  </ItemGroup>
  <ItemGroup>
    <None Include="res\shaders\GLSL_YELLOW.frag">
      <Filter>Resource Files</Filter>
    </None>
    <None Include="res\shaders\GLSL_YELLOW.vert">
      <Filter>Resource Files</Filter>
    </None>
    <None Include="res\shaders\coordinate.frag">
      <Filter>Resource Files</Filter>
    </None>
    <None Include="res\shaders\coordinate.vert">
      <Filter>Resource Files</Filter>
    </None>
    <None Include="res\shaders\beam.frag">
      <Filter>Resource Files</Filter>
    </None>
    <None Include="res\shaders\beam.vert">
      <Filter>Resource Files</Filter>
    </None>
    <None Include="res\shaders\board.frag">
      <Filter>Resource Files</Filter>
    </None>
    <None Include="res\shaders\board.vert">
      <Filter>Resource Files</Filter>
    </None>
    <None Include="res\shaders\column.frag">
      <Filter>Resource Files</Filter>
    </None>
    <None Include="res\shaders\column.vert">
      <Filter>Resource Files</Filter>
    </None>
    <None Include="res\shaders\door.frag">
      <Filter>Resource Files</Filter>
    </None>
    <None Include="res\shaders\door.vert">
      <Filter>Resource Files</Filter>
    </None>
    <None Include="res\shaders\wall.frag">
      <Filter>Resource Files</Filter>
    </None>
    <None Include="res\shaders\wall.vert">
      <Filter>Resource Files</Filter>
    </None>
    <None Include="res\shaders\window.frag">
      <Filter>Resource Files</Filter>
    </None>
    <None Include="res\shaders\window.vert">
      <Filter>Resource Files</Filter>
    </None>
  </ItemGroup>
</Project>